
Microsoft Visual Studio Solution File, Format Version 12.00
# Visual Studio 2013
VisualStudioVersion = 12.0.40629.0
MinimumVisualStudioVersion = 10.0.40219.1
Project("{8BC9CEB8-8B4A-11D0-8D11-00A0C91BC942}") = "fmemopen_windows", "fmemopen_windows.vcxproj", "{43D35F74-591E-4AB9-BBB4-083AD3071CD2}"
EndProject
Project("{8BC9CEB8-8B4A-11D0-8D11-00A0C91BC942}") = "testzzxcvzxc", "..\testzzxcvzxc\testzzxcvzxc.vcxproj", "{5F327908-581D-424E-ACEE-C305253A571D}"
EndProject
Global
	GlobalSection(SolutionConfigurationPlatforms) = preSolution
		Debug|Win32 = Debug|Win32
		Debug|x64 = Debug|x64
		Release|Win32 = Release|Win32
		Release|x64 = Release|x64
	EndGlobalSection
	GlobalSection(ProjectConfigurationPlatforms) = postSolution
		{43D35F74-591E-4AB9-BBB4-083AD3071CD2}.Debug|Win32.ActiveCfg = Debug|Win32
		{43D35F74-591E-4AB9-BBB4-083AD3071CD2}.Debug|Win32.Build.0 = Debug|Win32
		{43D35F74-591E-4AB9-BBB4-083AD3071CD2}.Debug|x64.ActiveCfg = Debug|x64
		{43D35F74-591E-4AB9-BBB4-083AD3071CD2}.Debug|x64.Build.0 = Debug|x64
		{43D35F74-591E-4AB9-BBB4-083AD3071CD2}.Release|Win32.ActiveCfg = Release|Win32
		{43D35F74-591E-4AB9-BBB4-083AD3071CD2}.Release|Win32.Build.0 = Release|Win32
		{43D35F74-591E-4AB9-BBB4-083AD3071CD2}.Release|x64.ActiveCfg = Release|x64
		{43D35F74-591E-4AB9-BBB4-083AD3071CD2}.Release|x64.Build.0 = Release|x64
		{5F327908-581D-424E-ACEE-C305253A571D}.Debug|Win32.ActiveCfg = Debug|Win32
		{5F327908-581D-424E-ACEE-C305253A571D}.Debug|Win32.Build.0 = Debug|Win32
		{5F327908-581D-424E-ACEE-C305253A571D}.Debug|x64.ActiveCfg = Debug|x64
		{5F327908-581D-424E-ACEE-C305253A571D}.Debug|x64.Build.0 = Debug|x64
		{5F327908-581D-424E-ACEE-C305253A571D}.Release|Win32.ActiveCfg = Release|Win32
		{5F327908-581D-424E-ACEE-C305253A571D}.Release|Win32.Build.0 = Release|Win32
		{5F327908-581D-424E-ACEE-C305253A571D}.Release|x64.ActiveCfg = Release|x64
		{5F327908-581D-424E-ACEE-C305253A571D}.Release|x64.Build.0 = Release|x64
	EndGlobalSection
	GlobalSection(SolutionProperties) = preSolution
		HideSolutionNode = FALSE
	EndGlobalSection
EndGlobal
